
Microsoft Visual Studio Solution File, Format Version 12.00
# Visual Studio 15
VisualStudioVersion = 15.0.27130.2036
MinimumVisualStudioVersion = 10.0.40219.1
Project("{FAE04EC0-301F-11D3-BF4B-00C04F79EFBC}") = "SentryFinch_[witteh]", "SentryFinch_[witteh]\SentryFinch_[witteh].csproj", "{28D2EE65-38B1-41C9-8463-BA0A487B9821}"
EndProject
Global
	GlobalSection(SolutionConfigurationPlatforms) = preSolution
		Debug|Any CPU = Debug|Any CPU
		Release|Any CPU = Release|Any CPU
	EndGlobalSection
	GlobalSection(ProjectConfigurationPlatforms) = postSolution
		{28D2EE65-38B1-41C9-8463-BA0A487B9821}.Debug|Any CPU.ActiveCfg = Debug|Any CPU
		{28D2EE65-38B1-41C9-8463-BA0A487B9821}.Debug|Any CPU.Build.0 = Debug|Any CPU
		{28D2EE65-38B1-41C9-8463-BA0A487B9821}.Release|Any CPU.ActiveCfg = Release|Any CPU
		{28D2EE65-38B1-41C9-8463-BA0A487B9821}.Release|Any CPU.Build.0 = Release|Any CPU
	EndGlobalSection
	GlobalSection(SolutionProperties) = preSolution
		HideSolutionNode = FALSE
	EndGlobalSection
	GlobalSection(ExtensibilityGlobals) = postSolution
		SolutionGuid = {19A281C3-AEC8-4E93-9A87-540124C5AB55}
	EndGlobalSection
EndGlobal
